// !$*UTF8*$!
{
	archiveVersion = 1;
	classes = {
	};
	objectVersion = 77;
	objects = {

/* Begin PBXBuildFile section */
		B8741D3C2FA215B600FA907C /* TempoFutebol Watch App.app in Embed Watch Content */ = {isa = PBXBuildFile; fileRef = B8741D3B2FA215B600FA907C /* TempoFutebol Watch App.app */; settings = {ATTRIBUTES = (RemoveHeadersOnCopy, ); }; };
		B8741D602FA215B900FA907C /* TempoFutebol Complications.appex in Embed App Extensions */ = {isa = PBXBuildFile; fileRef = B8741D632FA215B900FA907C /* TempoFutebol Complications.appex */; settings = {ATTRIBUTES = (RemoveHeadersOnCopy, ); }; };
/* End PBXBuildFile section */

/* Begin PBXContainerItemProxy section */
		B8741D3D2FA215B600FA907C /* PBXContainerItemProxy */ = {
			isa = PBXContainerItemProxy;
			containerPortal = B8741D2F2FA215B600FA907C /* Project object */;
			proxyType = 1;
			remoteGlobalIDString = B8741D3A2FA215B600FA907C;
			remoteInfo = "TempoFutebol Watch App";
		};
		B8741D592FA215B800FA907C /* PBXContainerItemProxy */ = {
			isa = PBXContainerItemProxy;
			containerPortal = B8741D2F2FA215B600FA907C /* Project object */;
			proxyType = 1;
			remoteGlobalIDString = B8741D3A2FA215B600FA907C;
			remoteInfo = "TempoFutebol Watch App";
		};
		B8741D612FA215B900FA907C /* PBXContainerItemProxy */ = {
			isa = PBXContainerItemProxy;
			containerPortal = B8741D2F2FA215B600FA907C /* Project object */;
			proxyType = 1;
			remoteGlobalIDString = B8741D672FA215B900FA907C;
			remoteInfo = "TempoFutebol Complications";
		};
/* End PBXContainerItemProxy section */

/* Begin PBXCopyFilesBuildPhase section */
		B8741D4B2FA215B700FA907C /* Embed Watch Content */ = {
			isa = PBXCopyFilesBuildPhase;
			buildActionMask = 2147483647;
			dstPath = "$(CONTENTS_FOLDER_PATH)/Watch";
			dstSubfolderSpec = 16;
			files = (
				B8741D3C2FA215B600FA907C /* TempoFutebol Watch App.app in Embed Watch Content */,
			);
			name = "Embed Watch Content";
			runOnlyForDeploymentPostprocessing = 0;
		};
		B8741D662FA215B900FA907C /* Embed App Extensions */ = {
			isa = PBXCopyFilesBuildPhase;
			buildActionMask = 2147483647;
			dstPath = "";
			dstSubfolderSpec = 13;
			files = (
				B8741D602FA215B900FA907C /* TempoFutebol Complications.appex in Embed App Extensions */,
			);
			name = "Embed App Extensions";
			runOnlyForDeploymentPostprocessing = 0;
		};
/* End PBXCopyFilesBuildPhase section */

/* Begin PBXFileReference section */
		B8741D352FA215B600FA907C /* TempoFutebol.app */ = {isa = PBXFileReference; explicitFileType = wrapper.application; includeInIndex = 0; path = TempoFutebol.app; sourceTree = BUILT_PRODUCTS_DIR; };
		B8741D3B2FA215B600FA907C /* TempoFutebol Watch App.app */ = {isa = PBXFileReference; explicitFileType = wrapper.application; includeInIndex = 0; path = "TempoFutebol Watch App.app"; sourceTree = BUILT_PRODUCTS_DIR; };
		B8741D502FA215B800FA907C /* TempoFutebol Watch AppTests.xctest */ = {isa = PBXFileReference; explicitFileType = wrapper.cfbundle; includeInIndex = 0; path = "TempoFutebol Watch AppTests.xctest"; sourceTree = BUILT_PRODUCTS_DIR; };
		B8741D632FA215B900FA907C /* TempoFutebol Complications.appex */ = {isa = PBXFileReference; explicitFileType = "wrapper.app-extension"; includeInIndex = 0; path = "TempoFutebol Complications.appex"; sourceTree = BUILT_PRODUCTS_DIR; };
/* End PBXFileReference section */

/* Begin PBXFileSystemSynchronizedBuildFileExceptionSet section */
		B8741D6F2FA215B900FA907C /* Exceptions for "TempoFutebol Complications" folder in "TempoFutebol Complications" target */ = {
			isa = PBXFileSystemSynchronizedBuildFileExceptionSet;
			membershipExceptions = (
				Info.plist,
			);
			target = B8741D672FA215B900FA907C /* TempoFutebol Complications */;
		};
/* End PBXFileSystemSynchronizedBuildFileExceptionSet section */

/* Begin PBXFileSystemSynchronizedRootGroup section */
		B8741D3F2FA215B600FA907C /* TempoFutebol Watch App */ = {
			isa = PBXFileSystemSynchronizedRootGroup;
			path = "TempoFutebol Watch App";
			sourceTree = "<group>";
		};
		B8741D512FA215B800FA907C /* TempoFutebol Watch AppTests */ = {
			isa = PBXFileSystemSynchronizedRootGroup;
			path = "TempoFutebol Watch AppTests";
			sourceTree = "<group>";
		};
		B8741D642FA215B900FA907C /* TempoFutebol Complications */ = {
			isa = PBXFileSystemSynchronizedRootGroup;
			exceptions = (
				B8741D6F2FA215B900FA907C /* Exceptions for "TempoFutebol Complications" folder in "TempoFutebol Complications" target */,
			);
			path = "TempoFutebol Complications";
			sourceTree = "<group>";
		};
/* End PBXFileSystemSynchronizedRootGroup section */

/* Begin PBXFrameworksBuildPhase section */
		B8741D382FA215B600FA907C /* Frameworks */ = {
			isa = PBXFrameworksBuildPhase;
			buildActionMask = 2147483647;
			files = (
			);
			runOnlyForDeploymentPostprocessing = 0;
		};
		B8741D542FA215B800FA907C /* Frameworks */ = {
			isa = PBXFrameworksBuildPhase;
			buildActionMask = 2147483647;
			files = (
			);
			runOnlyForDeploymentPostprocessing = 0;
		};
		B8741D652FA215B900FA907C /* Frameworks */ = {
			isa = PBXFrameworksBuildPhase;
			buildActionMask = 2147483647;
			files = (
			);
			runOnlyForDeploymentPostprocessing = 0;
		};
/* End PBXFrameworksBuildPhase section */

/* Begin PBXGroup section */
		B8741D2E2FA215B600FA907C = {
			isa = PBXGroup;
			children = (
				B8741D3F2FA215B600FA907C /* TempoFutebol Watch App */,
				B8741D642FA215B900FA907C /* TempoFutebol Complications */,
				B8741D512FA215B800FA907C /* TempoFutebol Watch AppTests */,
				B8741D362FA215B600FA907C /* Products */,
			);
			sourceTree = "<group>";
		};
		B8741D362FA215B600FA907C /* Products */ = {
			isa = PBXGroup;
			children = (
				B8741D352FA215B600FA907C /* TempoFutebol.app */,
				B8741D3B2FA215B600FA907C /* TempoFutebol Watch App.app */,
				B8741D632FA215B900FA907C /* TempoFutebol Complications.appex */,
				B8741D502FA215B800FA907C /* TempoFutebol Watch AppTests.xctest */,
			);
			name = Products;
			sourceTree = "<group>";
		};
/* End PBXGroup section */

/* Begin PBXNativeTarget section */
		B8741D342FA215B600FA907C /* TempoFutebol */ = {
			isa = PBXNativeTarget;
			buildConfigurationList = B8741D4C2FA215B700FA907C /* Build configuration list for PBXNativeTarget "TempoFutebol" */;
			buildPhases = (
				B8741D332FA215B600FA907C /* Resources */,
				B8741D4B2FA215B700FA907C /* Embed Watch Content */,
			);
			buildRules = (
			);
			dependencies = (
				B8741D3E2FA215B600FA907C /* PBXTargetDependency */,
			);
			name = TempoFutebol;
			packageProductDependencies = (
			);
			productName = TempoFutebol;
			productReference = B8741D352FA215B600FA907C /* TempoFutebol.app */;
			productType = "com.apple.product-type.application.watchapp2-container";
		};
		B8741D3A2FA215B600FA907C /* TempoFutebol Watch App */ = {
			isa = PBXNativeTarget;
			buildConfigurationList = B8741D482FA215B700FA907C /* Build configuration list for PBXNativeTarget "TempoFutebol Watch App" */;
			buildPhases = (
				B8741D372FA215B600FA907C /* Sources */,
				B8741D382FA215B600FA907C /* Frameworks */,
				B8741D392FA215B600FA907C /* Resources */,
				B8741D662FA215B900FA907C /* Embed App Extensions */,
			);
			buildRules = (
			);
			dependencies = (
				B8741D6A2FA215B900FA907C /* PBXTargetDependency */,
			);
			fileSystemSynchronizedGroups = (
				B8741D3F2FA215B600FA907C /* TempoFutebol Watch App */,
			);
			name = "TempoFutebol Watch App";
			packageProductDependencies = (
			);
			productName = "TempoFutebol Watch App";
			productReference = B8741D3B2FA215B600FA907C /* TempoFutebol Watch App.app */;
			productType = "com.apple.product-type.application";
		};
		B8741D522FA215B800FA907C /* TempoFutebol Watch AppTests */ = {
			isa = PBXNativeTarget;
			buildConfigurationList = B8741D582FA215B800FA907C /* Build configuration list for PBXNativeTarget "TempoFutebol Watch AppTests" */;
			buildPhases = (
				B8741D532FA215B800FA907C /* Sources */,
				B8741D542FA215B800FA907C /* Frameworks */,
				B8741D552FA215B800FA907C /* Resources */,
			);
			buildRules = (
			);
			dependencies = (
				B8741D5A2FA215B800FA907C /* PBXTargetDependency */,
			);
			fileSystemSynchronizedGroups = (
				B8741D512FA215B800FA907C /* TempoFutebol Watch AppTests */,
			);
			name = "TempoFutebol Watch AppTests";
			packageProductDependencies = (
			);
			productName = "TempoFutebol Watch AppTests";
			productReference = B8741D502FA215B800FA907C /* TempoFutebol Watch AppTests.xctest */;
			productType = "com.apple.product-type.bundle.unit-test";
		};
		B8741D672FA215B900FA907C /* TempoFutebol Complications */ = {
			isa = PBXNativeTarget;
			buildConfigurationList = B8741D6D2FA215B900FA907C /* Build configuration list for PBXNativeTarget "TempoFutebol Complications" */;
			buildPhases = (
				B8741D692FA215B900FA907C /* Sources */,
				B8741D652FA215B900FA907C /* Frameworks */,
				B8741D682FA215B900FA907C /* Resources */,
			);
			buildRules = (
			);
			dependencies = (
			);
			fileSystemSynchronizedGroups = (
				B8741D642FA215B900FA907C /* TempoFutebol Complications */,
			);
			name = "TempoFutebol Complications";
			packageProductDependencies = (
			);
			productName = "TempoFutebol Complications";
			productReference = B8741D632FA215B900FA907C /* TempoFutebol Complications.appex */;
			productType = "com.apple.product-type.app-extension";
		};
/* End PBXNativeTarget section */

/* Begin PBXProject section */
		B8741D2F2FA215B600FA907C /* Project object */ = {
			isa = PBXProject;
			attributes = {
				BuildIndependentTargetsInParallel = 1;
				LastSwiftUpdateCheck = 2640;
				LastUpgradeCheck = 2640;
				TargetAttributes = {
					B8741D342FA215B600FA907C = {
						CreatedOnToolsVersion = 26.4;
					};
					B8741D3A2FA215B600FA907C = {
						CreatedOnToolsVersion = 26.4;
					};
					B8741D522FA215B800FA907C = {
						CreatedOnToolsVersion = 26.4;
						TestTargetID = B8741D3A2FA215B600FA907C;
					};
					B8741D672FA215B900FA907C = {
						CreatedOnToolsVersion = 26.4;
					};
				};
			};
			buildConfigurationList = B8741D322FA215B600FA907C /* Build configuration list for PBXProject "TempoFutebol" */;
			developmentRegion = en;
			hasScannedForEncodings = 0;
			knownRegions = (
				en,
				Base,
			);
			mainGroup = B8741D2E2FA215B600FA907C;
			minimizedProjectReferenceProxies = 1;
			preferredProjectObjectVersion = 77;
			productRefGroup = B8741D362FA215B600FA907C /* Products */;
			projectDirPath = "";
			projectRoot = "";
			targets = (
				B8741D342FA215B600FA907C /* TempoFutebol */,
				B8741D3A2FA215B600FA907C /* TempoFutebol Watch App */,
				B8741D672FA215B900FA907C /* TempoFutebol Complications */,
				B8741D522FA215B800FA907C /* TempoFutebol Watch AppTests */,
			);
		};
/* End PBXProject section */

/* Begin PBXResourcesBuildPhase section */
		B8741D332FA215B600FA907C /* Resources */ = {
			isa = PBXResourcesBuildPhase;
			buildActionMask = 2147483647;
			files = (
			);
			runOnlyForDeploymentPostprocessing = 0;
		};
		B8741D392FA215B600FA907C /* Resources */ = {
			isa = PBXResourcesBuildPhase;
			buildActionMask = 2147483647;
			files = (
			);
			runOnlyForDeploymentPostprocessing = 0;
		};
		B8741D552FA215B800FA907C /* Resources */ = {
			isa = PBXResourcesBuildPhase;
			buildActionMask = 2147483647;
			files = (
			);
			runOnlyForDeploymentPostprocessing = 0;
		};
		B8741D682FA215B900FA907C /* Resources */ = {
			isa = PBXResourcesBuildPhase;
			buildActionMask = 2147483647;
			files = (
			);
			runOnlyForDeploymentPostprocessing = 0;
		};
/* End PBXResourcesBuildPhase section */

/* Begin PBXSourcesBuildPhase section */
		B8741D372FA215B600FA907C /* Sources */ = {
			isa = PBXSourcesBuildPhase;
			buildActionMask = 2147483647;
			files = (
			);
			runOnlyForDeploymentPostprocessing = 0;
		};
		B8741D532FA215B800FA907C /* Sources */ = {
			isa = PBXSourcesBuildPhase;
			buildActionMask = 2147483647;
			files = (
			);
			runOnlyForDeploymentPostprocessing = 0;
		};
		B8741D692FA215B900FA907C /* Sources */ = {
			isa = PBXSourcesBuildPhase;
			buildActionMask = 2147483647;
			files = (
			);
			runOnlyForDeploymentPostprocessing = 0;
		};
/* End PBXSourcesBuildPhase section */

/* Begin PBXTargetDependency section */
		B8741D3E2FA215B600FA907C /* PBXTargetDependency */ = {
			isa = PBXTargetDependency;
			target = B8741D3A2FA215B600FA907C /* TempoFutebol Watch App */;
			targetProxy = B8741D3D2FA215B600FA907C /* PBXContainerItemProxy */;
		};
		B8741D5A2FA215B800FA907C /* PBXTargetDependency */ = {
			isa = PBXTargetDependency;
			target = B8741D3A2FA215B600FA907C /* TempoFutebol Watch App */;
			targetProxy = B8741D592FA215B800FA907C /* PBXContainerItemProxy */;
		};
		B8741D6A2FA215B900FA907C /* PBXTargetDependency */ = {
			isa = PBXTargetDependency;
			target = B8741D672FA215B900FA907C /* TempoFutebol Complications */;
			targetProxy = B8741D612FA215B900FA907C /* PBXContainerItemProxy */;
		};
/* End PBXTargetDependency section */

/* Begin XCBuildConfiguration section */
		B8741D462FA215B700FA907C /* Debug */ = {
			isa = XCBuildConfiguration;
			buildSettings = {
				ALWAYS_SEARCH_USER_PATHS = NO;
				ASSETCATALOG_COMPILER_GENERATE_SWIFT_ASSET_SYMBOL_EXTENSIONS = YES;
				CLANG_ANALYZER_NONNULL = YES;
				CLANG_ANALYZER_NUMBER_OBJECT_CONVERSION = YES_AGGRESSIVE;
				CLANG_CXX_LANGUAGE_STANDARD = "gnu++20";
				CLANG_ENABLE_MODULES = YES;
				CLANG_ENABLE_OBJC_ARC = YES;
				CLANG_ENABLE_OBJC_WEAK = YES;
				CLANG_WARN_BLOCK_CAPTURE_AUTORELEASING = YES;
				CLANG_WARN_BOOL_CONVERSION = YES;
				CLANG_WARN_COMMA = YES;
				CLANG_WARN_CONSTANT_CONVERSION = YES;
				CLANG_WARN_DEPRECATED_OBJC_IMPLEMENTATIONS = YES;
				CLANG_WARN_DIRECT_OBJC_ISA_USAGE = YES_ERROR;
				CLANG_WARN_DOCUMENTATION_COMMENTS = YES;
				CLANG_WARN_EMPTY_BODY = YES;
				CLANG_WARN_ENUM_CONVERSION = YES;
				CLANG_WARN_INFINITE_RECURSION = YES;
				CLANG_WARN_INT_CONVERSION = YES;
				CLANG_WARN_NON_LITERAL_NULL_CONVERSION = YES;
				CLANG_WARN_OBJC_IMPLICIT_RETAIN_SELF = YES;
				CLANG_WARN_OBJC_LITERAL_CONVERSION = YES;
				CLANG_WARN_OBJC_ROOT_CLASS = YES_ERROR;
				CLANG_WARN_QUOTED_INCLUDE_IN_FRAMEWORK_HEADER = YES;
				CLANG_WARN_RANGE_LOOP_ANALYSIS = YES;
				CLANG_WARN_STRICT_PROTOTYPES = YES;
				CLANG_WARN_SUSPICIOUS_MOVE = YES;
				CLANG_WARN_UNGUARDED_AVAILABILITY = YES_AGGRESSIVE;
				CLANG_WARN_UNREACHABLE_CODE = YES;
				CLANG_WARN__DUPLICATE_METHOD_MATCH = YES;
				COPY_PHASE_STRIP = NO;
				DEBUG_INFORMATION_FORMAT = dwarf;
				DEVELOPMENT_TEAM = F86KMMECSR;
				ENABLE_STRICT_OBJC_MSGSEND = YES;
				ENABLE_TESTABILITY = YES;
				ENABLE_USER_SCRIPT_SANDBOXING = YES;
				GCC_C_LANGUAGE_STANDARD = gnu17;
				GCC_DYNAMIC_NO_PIC = NO;
				GCC_NO_COMMON_BLOCKS = YES;
				GCC_OPTIMIZATION_LEVEL = 0;
				GCC_PREPROCESSOR_DEFINITIONS = (
					"DEBUG=1",
					"$(inherited)",
				);
				GCC_WARN_64_TO_32_BIT_CONVERSION = YES;
				GCC_WARN_ABOUT_RETURN_TYPE = YES_ERROR;
				GCC_WARN_UNDECLARED_SELECTOR = YES;
				GCC_WARN_UNINITIALIZED_AUTOS = YES_AGGRESSIVE;
				GCC_WARN_UNUSED_FUNCTION = YES;
				GCC_WARN_UNUSED_VARIABLE = YES;
				LOCALIZATION_PREFERS_STRING_CATALOGS = YES;
				MTL_ENABLE_DEBUG_INFO = INCLUDE_SOURCE;
				MTL_FAST_MATH = YES;
				ONLY_ACTIVE_ARCH = YES;
				SWIFT_ACTIVE_COMPILATION_CONDITIONS = "DEBUG $(inherited)";
				SWIFT_OPTIMIZATION_LEVEL = "-Onone";
			};
			name = Debug;
		};
		B8741D472FA215B700FA907C /* Release */ = {
			isa = XCBuildConfiguration;
			buildSettings = {
				ALWAYS_SEARCH_USER_PATHS = NO;
				ASSETCATALOG_COMPILER_GENERATE_SWIFT_ASSET_SYMBOL_EXTENSIONS = YES;
				CLANG_ANALYZER_NONNULL = YES;
				CLANG_ANALYZER_NUMBER_OBJECT_CONVERSION = YES_AGGRESSIVE;
				CLANG_CXX_LANGUAGE_STANDARD = "gnu++20";
				CLANG_ENABLE_MODULES = YES;
				CLANG_ENABLE_OBJC_ARC = YES;
				CLANG_ENABLE_OBJC_WEAK = YES;
				CLANG_WARN_BLOCK_CAPTURE_AUTORELEASING = YES;
				CLANG_WARN_BOOL_CONVERSION = YES;
				CLANG_WARN_COMMA = YES;
				CLANG_WARN_CONSTANT_CONVERSION = YES;
				CLANG_WARN_DEPRECATED_OBJC_IMPLEMENTATIONS = YES;
				CLANG_WARN_DIRECT_OBJC_ISA_USAGE = YES_ERROR;
				CLANG_WARN_DOCUMENTATION_COMMENTS = YES;
				CLANG_WARN_EMPTY_BODY = YES;
				CLANG_WARN_ENUM_CONVERSION = YES;
				CLANG_WARN_INFINITE_RECURSION = YES;
				CLANG_WARN_INT_CONVERSION = YES;
				CLANG_WARN_NON_LITERAL_NULL_CONVERSION = YES;
				CLANG_WARN_OBJC_IMPLICIT_RETAIN_SELF = YES;
				CLANG_WARN_OBJC_LITERAL_CONVERSION = YES;
				CLANG_WARN_OBJC_ROOT_CLASS = YES_ERROR;
				CLANG_WARN_QUOTED_INCLUDE_IN_FRAMEWORK_HEADER = YES;
				CLANG_WARN_RANGE_LOOP_ANALYSIS = YES;
				CLANG_WARN_STRICT_PROTOTYPES = YES;
				CLANG_WARN_SUSPICIOUS_MOVE = YES;
				CLANG_WARN_UNGUARDED_AVAILABILITY = YES_AGGRESSIVE;
				CLANG_WARN_UNREACHABLE_CODE = YES;
				CLANG_WARN__DUPLICATE_METHOD_MATCH = YES;
				COPY_PHASE_STRIP = NO;
				DEBUG_INFORMATION_FORMAT = "dwarf-with-dsym";
				DEVELOPMENT_TEAM = F86KMMECSR;
				ENABLE_NS_ASSERTIONS = NO;
				ENABLE_STRICT_OBJC_MSGSEND = YES;
				ENABLE_USER_SCRIPT_SANDBOXING = YES;
				GCC_C_LANGUAGE_STANDARD = gnu17;
				GCC_NO_COMMON_BLOCKS = YES;
				GCC_WARN_64_TO_32_BIT_CONVERSION = YES;
				GCC_WARN_ABOUT_RETURN_TYPE = YES_ERROR;
				GCC_WARN_UNDECLARED_SELECTOR = YES;
				GCC_WARN_UNINITIALIZED_AUTOS = YES_AGGRESSIVE;
				GCC_WARN_UNUSED_FUNCTION = YES;
				GCC_WARN_UNUSED_VARIABLE = YES;
				LOCALIZATION_PREFERS_STRING_CATALOGS = YES;
				MTL_ENABLE_DEBUG_INFO = NO;
				MTL_FAST_MATH = YES;
				SWIFT_COMPILATION_MODE = wholemodule;
			};
			name = Release;
		};
		B8741D492FA215B700FA907C /* Debug */ = {
			isa = XCBuildConfiguration;
			buildSettings = {
				ASSETCATALOG_COMPILER_APPICON_NAME = AppIcon;
				ASSETCATALOG_COMPILER_GLOBAL_ACCENT_COLOR_NAME = AccentColor;
				ASSETCATALOG_COMPILER_INCLUDE_ALL_APPICON_ASSETS = NO;
				CODE_SIGN_ENTITLEMENTS = "TempoFutebol Watch App/TempoFutebol Watch App.entitlements";
				CODE_SIGN_STYLE = Automatic;
				CURRENT_PROJECT_VERSION = 2;
				DEVELOPMENT_TEAM = F86KMMECSR;
				ENABLE_PREVIEWS = YES;
				GENERATE_INFOPLIST_FILE = YES;
				INFOPLIST_KEY_CFBundleDisplayName = TempoFutebol;
				INFOPLIST_KEY_NSHealthShareUsageDescription = "Show your live heart rate during a match.";
				INFOPLIST_KEY_NSHealthUpdateUsageDescription = "TempoFutebol does not write Health data. This key is included for HealthKit compliance.";
				INFOPLIST_KEY_UISupportedInterfaceOrientations = "UIInterfaceOrientationPortrait UIInterfaceOrientationPortraitUpsideDown";
				INFOPLIST_KEY_WKWatchOnly = YES;
				LD_RUNPATH_SEARCH_PATHS = (
					"$(inherited)",
					"@executable_path/Frameworks",
				);
				MARKETING_VERSION = 1.0;
				PRODUCT_BUNDLE_IDENTIFIER = com.rgllm.TempoFutebol.watchkitapp;
				PRODUCT_NAME = "$(TARGET_NAME)";
				SDKROOT = watchos;
				SKIP_INSTALL = YES;
				STRING_CATALOG_GENERATE_SYMBOLS = YES;
				SWIFT_APPROACHABLE_CONCURRENCY = YES;
				SWIFT_DEFAULT_ACTOR_ISOLATION = MainActor;
				SWIFT_EMIT_LOC_STRINGS = YES;
				SWIFT_UPCOMING_FEATURE_MEMBER_IMPORT_VISIBILITY = YES;
				SWIFT_VERSION = 5.0;
				TARGETED_DEVICE_FAMILY = 4;
				WATCHOS_DEPLOYMENT_TARGET = 26.0;
			};
			name = Debug;
		};
		B8741D4A2FA215B700FA907C /* Release */ = {
			isa = XCBuildConfiguration;
			buildSettings = {
				ASSETCATALOG_COMPILER_APPICON_NAME = AppIcon;
				ASSETCATALOG_COMPILER_GLOBAL_ACCENT_COLOR_NAME = AccentColor;
				ASSETCATALOG_COMPILER_INCLUDE_ALL_APPICON_ASSETS = NO;
				CODE_SIGN_ENTITLEMENTS = "TempoFutebol Watch App/TempoFutebol Watch App.entitlements";
				CODE_SIGN_STYLE = Automatic;
				CURRENT_PROJECT_VERSION = 2;
				DEVELOPMENT_TEAM = F86KMMECSR;
				ENABLE_PREVIEWS = YES;
				GENERATE_INFOPLIST_FILE = YES;
				INFOPLIST_KEY_CFBundleDisplayName = TempoFutebol;
				INFOPLIST_KEY_NSHealthShareUsageDescription = "Show your live heart rate during a match.";
				INFOPLIST_KEY_NSHealthUpdateUsageDescription = "TempoFutebol does not write Health data. This key is included for HealthKit compliance.";
				INFOPLIST_KEY_UISupportedInterfaceOrientations = "UIInterfaceOrientationPortrait UIInterfaceOrientationPortraitUpsideDown";
				INFOPLIST_KEY_WKWatchOnly = YES;
				LD_RUNPATH_SEARCH_PATHS = (
					"$(inherited)",
					"@executable_path/Frameworks",
				);
				MARKETING_VERSION = 1.0;
				PRODUCT_BUNDLE_IDENTIFIER = com.rgllm.TempoFutebol.watchkitapp;
				PRODUCT_NAME = "$(TARGET_NAME)";
				SDKROOT = watchos;
				SKIP_INSTALL = YES;
				STRING_CATALOG_GENERATE_SYMBOLS = YES;
				SWIFT_APPROACHABLE_CONCURRENCY = YES;
				SWIFT_DEFAULT_ACTOR_ISOLATION = MainActor;
				SWIFT_EMIT_LOC_STRINGS = YES;
				SWIFT_UPCOMING_FEATURE_MEMBER_IMPORT_VISIBILITY = YES;
				SWIFT_VERSION = 5.0;
				TARGETED_DEVICE_FAMILY = 4;
				VALIDATE_PRODUCT = YES;
				WATCHOS_DEPLOYMENT_TARGET = 26.0;
			};
			name = Release;
		};
		B8741D4D2FA215B700FA907C /* Debug */ = {
			isa = XCBuildConfiguration;
			buildSettings = {
				CODE_SIGN_STYLE = Automatic;
				CURRENT_PROJECT_VERSION = 2;
				DEVELOPMENT_TEAM = F86KMMECSR;
				INFOPLIST_KEY_CFBundleDisplayName = TempoFutebol;
				MARKETING_VERSION = 1.0;
				PRODUCT_BUNDLE_IDENTIFIER = com.rgllm.TempoFutebol;
				PRODUCT_NAME = "$(TARGET_NAME)";
				SDKROOT = iphoneos;
				SWIFT_APPROACHABLE_CONCURRENCY = YES;
				SWIFT_UPCOMING_FEATURE_MEMBER_IMPORT_VISIBILITY = YES;
				SWIFT_VERSION = 5.0;
			};
			name = Debug;
		};
		B8741D4E2FA215B700FA907C /* Release */ = {
			isa = XCBuildConfiguration;
			buildSettings = {
				CODE_SIGN_STYLE = Automatic;
				CURRENT_PROJECT_VERSION = 2;
				DEVELOPMENT_TEAM = F86KMMECSR;
				INFOPLIST_KEY_CFBundleDisplayName = TempoFutebol;
				MARKETING_VERSION = 1.0;
				PRODUCT_BUNDLE_IDENTIFIER = com.rgllm.TempoFutebol;
				PRODUCT_NAME = "$(TARGET_NAME)";
				SDKROOT = iphoneos;
				SWIFT_APPROACHABLE_CONCURRENCY = YES;
				SWIFT_UPCOMING_FEATURE_MEMBER_IMPORT_VISIBILITY = YES;
				SWIFT_VERSION = 5.0;
				VALIDATE_PRODUCT = YES;
			};
			name = Release;
		};
		B8741D562FA215B800FA907C /* Debug */ = {
			isa = XCBuildConfiguration;
			buildSettings = {
				BUNDLE_LOADER = "$(TEST_HOST)";
				CODE_SIGN_STYLE = Automatic;
				CURRENT_PROJECT_VERSION = 2;
				DEVELOPMENT_TEAM = F86KMMECSR;
				GENERATE_INFOPLIST_FILE = YES;
				LD_RUNPATH_SEARCH_PATHS = (
					"$(inherited)",
					"@executable_path/Frameworks",
					"@loader_path/Frameworks",
				);
				MARKETING_VERSION = 1.0;
				PRODUCT_BUNDLE_IDENTIFIER = com.rgllm.TempoFutebol.watchkitappTests;
				PRODUCT_NAME = "$(TARGET_NAME)";
				SDKROOT = watchos;
				SKIP_INSTALL = YES;
				STRING_CATALOG_GENERATE_SYMBOLS = YES;
				SWIFT_APPROACHABLE_CONCURRENCY = YES;
				SWIFT_DEFAULT_ACTOR_ISOLATION = MainActor;
				SWIFT_EMIT_LOC_STRINGS = NO;
				SWIFT_UPCOMING_FEATURE_MEMBER_IMPORT_VISIBILITY = YES;
				SWIFT_VERSION = 5.0;
				TARGETED_DEVICE_FAMILY = 4;
				TEST_HOST = "$(BUILT_PRODUCTS_DIR)/TempoFutebol Watch App.app/TempoFutebol Watch App";
				TEST_TARGET_NAME = "TempoFutebol Watch App";
				WATCHOS_DEPLOYMENT_TARGET = 26.0;
			};
			name = Debug;
		};
		B8741D572FA215B800FA907C /* Release */ = {
			isa = XCBuildConfiguration;
			buildSettings = {
				BUNDLE_LOADER = "$(TEST_HOST)";
				CODE_SIGN_STYLE = Automatic;
				CURRENT_PROJECT_VERSION = 2;
				DEVELOPMENT_TEAM = F86KMMECSR;
				GENERATE_INFOPLIST_FILE = YES;
				LD_RUNPATH_SEARCH_PATHS = (
					"$(inherited)",
					"@executable_path/Frameworks",
					"@loader_path/Frameworks",
				);
				MARKETING_VERSION = 1.0;
				PRODUCT_BUNDLE_IDENTIFIER = com.rgllm.TempoFutebol.watchkitappTests;
				PRODUCT_NAME = "$(TARGET_NAME)";
				SDKROOT = watchos;
				SKIP_INSTALL = YES;
				STRING_CATALOG_GENERATE_SYMBOLS = YES;
				SWIFT_APPROACHABLE_CONCURRENCY = YES;
				SWIFT_DEFAULT_ACTOR_ISOLATION = MainActor;
				SWIFT_EMIT_LOC_STRINGS = NO;
				SWIFT_UPCOMING_FEATURE_MEMBER_IMPORT_VISIBILITY = YES;
				SWIFT_VERSION = 5.0;
				TARGETED_DEVICE_FAMILY = 4;
				TEST_HOST = "$(BUILT_PRODUCTS_DIR)/TempoFutebol Watch App.app/TempoFutebol Watch App";
				TEST_TARGET_NAME = "TempoFutebol Watch App";
				VALIDATE_PRODUCT = YES;
				WATCHOS_DEPLOYMENT_TARGET = 26.0;
			};
			name = Release;
		};
		B8741D6B2FA215B900FA907C /* Debug */ = {
			isa = XCBuildConfiguration;
			buildSettings = {
				APPLICATION_EXTENSION_API_ONLY = YES;
				CODE_SIGN_ENTITLEMENTS = "TempoFutebol Complications/TempoFutebol Complications.entitlements";
				CODE_SIGN_STYLE = Automatic;
				CURRENT_PROJECT_VERSION = 2;
				DEVELOPMENT_TEAM = F86KMMECSR;
				GENERATE_INFOPLIST_FILE = NO;
				INFOPLIST_FILE = "TempoFutebol Complications/Info.plist";
				LD_RUNPATH_SEARCH_PATHS = (
					"$(inherited)",
					"@executable_path/Frameworks",
					"@executable_path/../../Frameworks",
				);
				MARKETING_VERSION = 1.0;
				PRODUCT_BUNDLE_IDENTIFIER = com.rgllm.TempoFutebol.watchkitapp.complications;
				PRODUCT_NAME = "$(TARGET_NAME)";
				SDKROOT = watchos;
				SKIP_INSTALL = YES;
				STRING_CATALOG_GENERATE_SYMBOLS = YES;
				SWIFT_APPROACHABLE_CONCURRENCY = YES;
				SWIFT_DEFAULT_ACTOR_ISOLATION = MainActor;
				SWIFT_EMIT_LOC_STRINGS = YES;
				SWIFT_UPCOMING_FEATURE_MEMBER_IMPORT_VISIBILITY = YES;
				SWIFT_VERSION = 5.0;
				TARGETED_DEVICE_FAMILY = 4;
				WATCHOS_DEPLOYMENT_TARGET = 26.4;
			};
			name = Debug;
		};
		B8741D6C2FA215B900FA907C /* Release */ = {
			isa = XCBuildConfiguration;
			buildSettings = {
				APPLICATION_EXTENSION_API_ONLY = YES;
				CODE_SIGN_ENTITLEMENTS = "TempoFutebol Complications/TempoFutebol Complications.entitlements";
				CODE_SIGN_STYLE = Automatic;
				CURRENT_PROJECT_VERSION = 2;
				DEVELOPMENT_TEAM = F86KMMECSR;
				GENERATE_INFOPLIST_FILE = NO;
				INFOPLIST_FILE = "TempoFutebol Complications/Info.plist";
				LD_RUNPATH_SEARCH_PATHS = (
					"$(inherited)",
					"@executable_path/Frameworks",
					"@executable_path/../../Frameworks",
				);
				MARKETING_VERSION = 1.0;
				PRODUCT_BUNDLE_IDENTIFIER = com.rgllm.TempoFutebol.watchkitapp.complications;
				PRODUCT_NAME = "$(TARGET_NAME)";
				SDKROOT = watchos;
				SKIP_INSTALL = YES;
				STRING_CATALOG_GENERATE_SYMBOLS = YES;
				SWIFT_APPROACHABLE_CONCURRENCY = YES;
				SWIFT_DEFAULT_ACTOR_ISOLATION = MainActor;
				SWIFT_EMIT_LOC_STRINGS = YES;
				SWIFT_UPCOMING_FEATURE_MEMBER_IMPORT_VISIBILITY = YES;
				SWIFT_VERSION = 5.0;
				TARGETED_DEVICE_FAMILY = 4;
				VALIDATE_PRODUCT = YES;
				WATCHOS_DEPLOYMENT_TARGET = 26.4;
			};
			name = Release;
		};
/* End XCBuildConfiguration section */

/* Begin XCConfigurationList section */
		B8741D322FA215B600FA907C /* Build configuration list for PBXProject "TempoFutebol" */ = {
			isa = XCConfigurationList;
			buildConfigurations = (
				B8741D462FA215B700FA907C /* Debug */,
				B8741D472FA215B700FA907C /* Release */,
			);
			defaultConfigurationIsVisible = 0;
			defaultConfigurationName = Release;
		};
		B8741D482FA215B700FA907C /* Build configuration list for PBXNativeTarget "TempoFutebol Watch App" */ = {
			isa = XCConfigurationList;
			buildConfigurations = (
				B8741D492FA215B700FA907C /* Debug */,
				B8741D4A2FA215B700FA907C /* Release */,
			);
			defaultConfigurationIsVisible = 0;
			defaultConfigurationName = Release;
		};
		B8741D4C2FA215B700FA907C /* Build configuration list for PBXNativeTarget "TempoFutebol" */ = {
			isa = XCConfigurationList;
			buildConfigurations = (
				B8741D4D2FA215B700FA907C /* Debug */,
				B8741D4E2FA215B700FA907C /* Release */,
			);
			defaultConfigurationIsVisible = 0;
			defaultConfigurationName = Release;
		};
		B8741D582FA215B800FA907C /* Build configuration list for PBXNativeTarget "TempoFutebol Watch AppTests" */ = {
			isa = XCConfigurationList;
			buildConfigurations = (
				B8741D562FA215B800FA907C /* Debug */,
				B8741D572FA215B800FA907C /* Release */,
			);
			defaultConfigurationIsVisible = 0;
			defaultConfigurationName = Release;
		};
		B8741D6D2FA215B900FA907C /* Build configuration list for PBXNativeTarget "TempoFutebol Complications" */ = {
			isa = XCConfigurationList;
			buildConfigurations = (
				B8741D6B2FA215B900FA907C /* Debug */,
				B8741D6C2FA215B900FA907C /* Release */,
			);
			defaultConfigurationIsVisible = 0;
			defaultConfigurationName = Release;
		};
/* End XCConfigurationList section */
	};
	rootObject = B8741D2F2FA215B600FA907C /* Project object */;
}
